
Microsoft Visual Studio Solution File, Format Version 12.00
# Visual Studio Version 17
VisualStudioVersion = 17.14.36127.28 d17.14
MinimumVisualStudioVersion = 10.0.40219.1
Project("{FAE04EC0-301F-11D3-BF4B-00C04F79EFBC}") = "Diploma_cs", "Diploma_cs.csproj", "{6265BF36-1D96-46E7-8488-44DE528A8828}"
EndProject
Global
	GlobalSection(SolutionConfigurationPlatforms) = preSolution
		Debug|Any CPU = Debug|Any CPU
		Release|Any CPU = Release|Any CPU
	EndGlobalSection
	GlobalSection(ProjectConfigurationPlatforms) = postSolution
		{6265BF36-1D96-46E7-8488-44DE528A8828}.Debug|Any CPU.ActiveCfg = Debug|Any CPU
		{6265BF36-1D96-46E7-8488-44DE528A8828}.Debug|Any CPU.Build.0 = Debug|Any CPU
		{6265BF36-1D96-46E7-8488-44DE528A8828}.Release|Any CPU.ActiveCfg = Release|Any CPU
		{6265BF36-1D96-46E7-8488-44DE528A8828}.Release|Any CPU.Build.0 = Release|Any CPU
	EndGlobalSection
	GlobalSection(SolutionProperties) = preSolution
		HideSolutionNode = FALSE
	EndGlobalSection
	GlobalSection(ExtensibilityGlobals) = postSolution
		SolutionGuid = {6ED1A5D9-912F-4DE4-9073-EC1B73E5657D}
	EndGlobalSection
EndGlobal
